
Microsoft Visual Studio Solution File, Format Version 12.00
Project("{FAE04EC0-301F-11D3-BF4B-00C04F79EFBC}") = "InMemoryCaching", "InMemoryCaching\InMemoryCaching.csproj", "{A13913FE-A268-4F0E-AB78-95F9F53CF122}"
EndProject
Project("{FAE04EC0-301F-11D3-BF4B-00C04F79EFBC}") = "DistributedCaching", "DistributedCaching\DistributedCaching.csproj", "{F397528C-5713-4372-9E4C-5C2347815E25}"
EndProject
Project("{FAE04EC0-301F-11D3-BF4B-00C04F79EFBC}") = "Redis-Pub", "Redis-Pub\Redis-Pub.csproj", "{F6E79819-6F43-434A-9F8F-22902120CC7E}"
EndProject
Project("{FAE04EC0-301F-11D3-BF4B-00C04F79EFBC}") = "Redis-Sub", "Redis-Sub\Redis-Sub.csproj", "{387BA73D-1B7A-422C-9E63-15DF934E8CF1}"
EndProject
Project("{FAE04EC0-301F-11D3-BF4B-00C04F79EFBC}") = "Redis-Sentinel", "Redis-Sentinel\Redis-Sentinel.csproj", "{15189502-42B4-458F-9E16-DD2E5C490F12}"
EndProject
Project("{FAE04EC0-301F-11D3-BF4B-00C04F79EFBC}") = "RabbitMq.Publisher", "RabbitMq.Publisher\RabbitMq.Publisher.csproj", "{A71ED596-2F4B-49C1-9632-3EF1ADA251A4}"
EndProject
Project("{FAE04EC0-301F-11D3-BF4B-00C04F79EFBC}") = "RabbitMq.Consumer", "RabbitMq.Consumer\RabbitMq.Consumer.csproj", "{06241ACA-13E1-48A4-8FFD-784A1CA1B3E0}"
EndProject
Project("{2150E333-8FDC-42A3-9474-1A3956D46DE8}") = "MassTransit", "MassTransit", "{49ACA1C1-200F-449C-A705-421F6108DDE3}"
EndProject
Project("{FAE04EC0-301F-11D3-BF4B-00C04F79EFBC}") = "RabbitMQ.ESB.MassTransit.Publisher", "RabbitMQ.ESB.MassTransit.Publisher\RabbitMQ.ESB.MassTransit.Publisher.csproj", "{C25DA7BD-7142-4703-8319-633E8688467A}"
EndProject
Project("{FAE04EC0-301F-11D3-BF4B-00C04F79EFBC}") = "RabbitMQ.ESB.MassTransit.Consumer", "RabbitMQ.ESB.MassTransit.Consumer\RabbitMQ.ESB.MassTransit.Consumer.csproj", "{19A8AFB7-9E9D-4C58-BC33-65B617B35B61}"
EndProject
Project("{FAE04EC0-301F-11D3-BF4B-00C04F79EFBC}") = "RabbitMQ.ESB.MassTransit.Shared", "RabbitMQ.ESB.MassTransit.Shared\RabbitMQ.ESB.MassTransit.Shared.csproj", "{E07819B5-BC30-4534-BA93-D880A801F78D}"
EndProject
Project("{2150E333-8FDC-42A3-9474-1A3956D46DE8}") = "MassTransitWorkerServiceExample", "MassTransitWorkerServiceExample", "{A5EA51DA-B0BB-4241-824E-5948BFD655A3}"
EndProject
Project("{FAE04EC0-301F-11D3-BF4B-00C04F79EFBC}") = "RabbitMQESB.MassTransit.WorkerService.Consumer", "RabbitMQESB.MassTransit.WorkerService.Consumer\RabbitMQESB.MassTransit.WorkerService.Consumer.csproj", "{6A7D0041-EEE7-482D-B84C-A154F87B0A88}"
EndProject
Project("{FAE04EC0-301F-11D3-BF4B-00C04F79EFBC}") = "RabbitMQESB.MassTransit.WorkerService.Publisher", "RabbitMQESB.MassTransit.WorkerService.Publisher\RabbitMQESB.MassTransit.WorkerService.Publisher.csproj", "{2EAB068D-584E-4C6E-8217-461B44D2DB59}"
EndProject
Project("{2150E333-8FDC-42A3-9474-1A3956D46DE8}") = "MasstRansitRequestResponseDesignPattern", "MasstRansitRequestResponseDesignPattern", "{6EA59790-1842-4625-83E6-B8BD30BBDCD7}"
EndProject
Project("{FAE04EC0-301F-11D3-BF4B-00C04F79EFBC}") = "RabbitMQ.ESB.MassTransit.RequestResponse.Publisher", "RabbitMQ.ESB.MassTransit.RequestResponse.Publisher\RabbitMQ.ESB.MassTransit.RequestResponse.Publisher.csproj", "{8E29F86D-91F8-4B98-8AD2-C2EC2411A92C}"
EndProject
Project("{FAE04EC0-301F-11D3-BF4B-00C04F79EFBC}") = "RabbitMQ.ESB.MassTransit.RequestResponse.Consumer", "RabbitMQ.ESB.MassTransit.RequestResponse.Consumer\RabbitMQ.ESB.MassTransit.RequestResponse.Consumer.csproj", "{F002237E-3566-4615-87B1-1810179E7839}"
EndProject
Global
	GlobalSection(SolutionConfigurationPlatforms) = preSolution
		Debug|Any CPU = Debug|Any CPU
		Release|Any CPU = Release|Any CPU
	EndGlobalSection
	GlobalSection(ProjectConfigurationPlatforms) = postSolution
		{A13913FE-A268-4F0E-AB78-95F9F53CF122}.Debug|Any CPU.ActiveCfg = Debug|Any CPU
		{A13913FE-A268-4F0E-AB78-95F9F53CF122}.Debug|Any CPU.Build.0 = Debug|Any CPU
		{A13913FE-A268-4F0E-AB78-95F9F53CF122}.Release|Any CPU.ActiveCfg = Release|Any CPU
		{A13913FE-A268-4F0E-AB78-95F9F53CF122}.Release|Any CPU.Build.0 = Release|Any CPU
		{F397528C-5713-4372-9E4C-5C2347815E25}.Debug|Any CPU.ActiveCfg = Debug|Any CPU
		{F397528C-5713-4372-9E4C-5C2347815E25}.Debug|Any CPU.Build.0 = Debug|Any CPU
		{F397528C-5713-4372-9E4C-5C2347815E25}.Release|Any CPU.ActiveCfg = Release|Any CPU
		{F397528C-5713-4372-9E4C-5C2347815E25}.Release|Any CPU.Build.0 = Release|Any CPU
		{F6E79819-6F43-434A-9F8F-22902120CC7E}.Debug|Any CPU.ActiveCfg = Debug|Any CPU
		{F6E79819-6F43-434A-9F8F-22902120CC7E}.Debug|Any CPU.Build.0 = Debug|Any CPU
		{F6E79819-6F43-434A-9F8F-22902120CC7E}.Release|Any CPU.ActiveCfg = Release|Any CPU
		{F6E79819-6F43-434A-9F8F-22902120CC7E}.Release|Any CPU.Build.0 = Release|Any CPU
		{387BA73D-1B7A-422C-9E63-15DF934E8CF1}.Debug|Any CPU.ActiveCfg = Debug|Any CPU
		{387BA73D-1B7A-422C-9E63-15DF934E8CF1}.Debug|Any CPU.Build.0 = Debug|Any CPU
		{387BA73D-1B7A-422C-9E63-15DF934E8CF1}.Release|Any CPU.ActiveCfg = Release|Any CPU
		{387BA73D-1B7A-422C-9E63-15DF934E8CF1}.Release|Any CPU.Build.0 = Release|Any CPU
		{15189502-42B4-458F-9E16-DD2E5C490F12}.Debug|Any CPU.ActiveCfg = Debug|Any CPU
		{15189502-42B4-458F-9E16-DD2E5C490F12}.Debug|Any CPU.Build.0 = Debug|Any CPU
		{15189502-42B4-458F-9E16-DD2E5C490F12}.Release|Any CPU.ActiveCfg = Release|Any CPU
		{15189502-42B4-458F-9E16-DD2E5C490F12}.Release|Any CPU.Build.0 = Release|Any CPU
		{A71ED596-2F4B-49C1-9632-3EF1ADA251A4}.Debug|Any CPU.ActiveCfg = Debug|Any CPU
		{A71ED596-2F4B-49C1-9632-3EF1ADA251A4}.Debug|Any CPU.Build.0 = Debug|Any CPU
		{A71ED596-2F4B-49C1-9632-3EF1ADA251A4}.Release|Any CPU.ActiveCfg = Release|Any CPU
		{A71ED596-2F4B-49C1-9632-3EF1ADA251A4}.Release|Any CPU.Build.0 = Release|Any CPU
		{06241ACA-13E1-48A4-8FFD-784A1CA1B3E0}.Debug|Any CPU.ActiveCfg = Debug|Any CPU
		{06241ACA-13E1-48A4-8FFD-784A1CA1B3E0}.Debug|Any CPU.Build.0 = Debug|Any CPU
		{06241ACA-13E1-48A4-8FFD-784A1CA1B3E0}.Release|Any CPU.ActiveCfg = Release|Any CPU
		{06241ACA-13E1-48A4-8FFD-784A1CA1B3E0}.Release|Any CPU.Build.0 = Release|Any CPU
		{C25DA7BD-7142-4703-8319-633E8688467A}.Debug|Any CPU.ActiveCfg = Debug|Any CPU
		{C25DA7BD-7142-4703-8319-633E8688467A}.Debug|Any CPU.Build.0 = Debug|Any CPU
		{C25DA7BD-7142-4703-8319-633E8688467A}.Release|Any CPU.ActiveCfg = Release|Any CPU
		{C25DA7BD-7142-4703-8319-633E8688467A}.Release|Any CPU.Build.0 = Release|Any CPU
		{19A8AFB7-9E9D-4C58-BC33-65B617B35B61}.Debug|Any CPU.ActiveCfg = Debug|Any CPU
		{19A8AFB7-9E9D-4C58-BC33-65B617B35B61}.Debug|Any CPU.Build.0 = Debug|Any CPU
		{19A8AFB7-9E9D-4C58-BC33-65B617B35B61}.Release|Any CPU.ActiveCfg = Release|Any CPU
		{19A8AFB7-9E9D-4C58-BC33-65B617B35B61}.Release|Any CPU.Build.0 = Release|Any CPU
		{E07819B5-BC30-4534-BA93-D880A801F78D}.Debug|Any CPU.ActiveCfg = Debug|Any CPU
		{E07819B5-BC30-4534-BA93-D880A801F78D}.Debug|Any CPU.Build.0 = Debug|Any CPU
		{E07819B5-BC30-4534-BA93-D880A801F78D}.Release|Any CPU.ActiveCfg = Release|Any CPU
		{E07819B5-BC30-4534-BA93-D880A801F78D}.Release|Any CPU.Build.0 = Release|Any CPU
		{6A7D0041-EEE7-482D-B84C-A154F87B0A88}.Debug|Any CPU.ActiveCfg = Debug|Any CPU
		{6A7D0041-EEE7-482D-B84C-A154F87B0A88}.Debug|Any CPU.Build.0 = Debug|Any CPU
		{6A7D0041-EEE7-482D-B84C-A154F87B0A88}.Release|Any CPU.ActiveCfg = Release|Any CPU
		{6A7D0041-EEE7-482D-B84C-A154F87B0A88}.Release|Any CPU.Build.0 = Release|Any CPU
		{2EAB068D-584E-4C6E-8217-461B44D2DB59}.Debug|Any CPU.ActiveCfg = Debug|Any CPU
		{2EAB068D-584E-4C6E-8217-461B44D2DB59}.Debug|Any CPU.Build.0 = Debug|Any CPU
		{2EAB068D-584E-4C6E-8217-461B44D2DB59}.Release|Any CPU.ActiveCfg = Release|Any CPU
		{2EAB068D-584E-4C6E-8217-461B44D2DB59}.Release|Any CPU.Build.0 = Release|Any CPU
		{8E29F86D-91F8-4B98-8AD2-C2EC2411A92C}.Debug|Any CPU.ActiveCfg = Debug|Any CPU
		{8E29F86D-91F8-4B98-8AD2-C2EC2411A92C}.Debug|Any CPU.Build.0 = Debug|Any CPU
		{8E29F86D-91F8-4B98-8AD2-C2EC2411A92C}.Release|Any CPU.ActiveCfg = Release|Any CPU
		{8E29F86D-91F8-4B98-8AD2-C2EC2411A92C}.Release|Any CPU.Build.0 = Release|Any CPU
		{F002237E-3566-4615-87B1-1810179E7839}.Debug|Any CPU.ActiveCfg = Debug|Any CPU
		{F002237E-3566-4615-87B1-1810179E7839}.Debug|Any CPU.Build.0 = Debug|Any CPU
		{F002237E-3566-4615-87B1-1810179E7839}.Release|Any CPU.ActiveCfg = Release|Any CPU
		{F002237E-3566-4615-87B1-1810179E7839}.Release|Any CPU.Build.0 = Release|Any CPU
	EndGlobalSection
	GlobalSection(NestedProjects) = preSolution
		{C25DA7BD-7142-4703-8319-633E8688467A} = {49ACA1C1-200F-449C-A705-421F6108DDE3}
		{19A8AFB7-9E9D-4C58-BC33-65B617B35B61} = {49ACA1C1-200F-449C-A705-421F6108DDE3}
		{E07819B5-BC30-4534-BA93-D880A801F78D} = {49ACA1C1-200F-449C-A705-421F6108DDE3}
		{A5EA51DA-B0BB-4241-824E-5948BFD655A3} = {49ACA1C1-200F-449C-A705-421F6108DDE3}
		{6A7D0041-EEE7-482D-B84C-A154F87B0A88} = {A5EA51DA-B0BB-4241-824E-5948BFD655A3}
		{2EAB068D-584E-4C6E-8217-461B44D2DB59} = {A5EA51DA-B0BB-4241-824E-5948BFD655A3}
		{6EA59790-1842-4625-83E6-B8BD30BBDCD7} = {49ACA1C1-200F-449C-A705-421F6108DDE3}
		{8E29F86D-91F8-4B98-8AD2-C2EC2411A92C} = {6EA59790-1842-4625-83E6-B8BD30BBDCD7}
		{F002237E-3566-4615-87B1-1810179E7839} = {6EA59790-1842-4625-83E6-B8BD30BBDCD7}
	EndGlobalSection
EndGlobal
